// !$*UTF8*$!
{
	archiveVersion = 1;
	classes = {
	};
	objectVersion = 50;
	objects = {

/* Begin PBXBuildFile section */
		0429C8702447774A006A995C /* PatientList.swift in Sources */ = {isa = PBXBuildFile; fileRef = 0429C86E24477749006A995C /* PatientList.swift */; };
		0429C8712447774A006A995C /* PatientsListHeader.swift in Sources */ = {isa = PBXBuildFile; fileRef = 0429C86F24477749006A995C /* PatientsListHeader.swift */; };
		0440FA262448EA6F00900E9B /* PersonalDataPatient.swift in Sources */ = {isa = PBXBuildFile; fileRef = 0440FA172448EA6F00900E9B /* PersonalDataPatient.swift */; };
		0440FA272448EA6F00900E9B /* DiagnosticPatient.swift in Sources */ = {isa = PBXBuildFile; fileRef = 0440FA182448EA6F00900E9B /* DiagnosticPatient.swift */; };
		0440FA282448EA6F00900E9B /* PacientesDetails.swift in Sources */ = {isa = PBXBuildFile; fileRef = 0440FA192448EA6F00900E9B /* PacientesDetails.swift */; };
		0440FA292448EA6F00900E9B /* Acompanhamento.swift in Sources */ = {isa = PBXBuildFile; fileRef = 0440FA1C2448EA6F00900E9B /* Acompanhamento.swift */; };
		0440FA2A2448EA6F00900E9B /* Mensagens.swift in Sources */ = {isa = PBXBuildFile; fileRef = 0440FA1E2448EA6F00900E9B /* Mensagens.swift */; };
		0440FA2B2448EA6F00900E9B /* Dado_Sintomas.swift in Sources */ = {isa = PBXBuildFile; fileRef = 0440FA202448EA6F00900E9B /* Dado_Sintomas.swift */; };
		0440FA2C2448EA6F00900E9B /* SecondCardTopBar.swift in Sources */ = {isa = PBXBuildFile; fileRef = 0440FA212448EA6F00900E9B /* SecondCardTopBar.swift */; };
		0440FA2D2448EA6F00900E9B /* Notas.swift in Sources */ = {isa = PBXBuildFile; fileRef = 0440FA232448EA6F00900E9B /* Notas.swift */; };
		0440FA2E2448EA6F00900E9B /* PessoasProximas.swift in Sources */ = {isa = PBXBuildFile; fileRef = 0440FA252448EA6F00900E9B /* PessoasProximas.swift */; };
		045971AB243CF659007F3E29 /* AppDelegate.swift in Sources */ = {isa = PBXBuildFile; fileRef = 045971AA243CF659007F3E29 /* AppDelegate.swift */; };
		045971AD243CF659007F3E29 /* SceneDelegate.swift in Sources */ = {isa = PBXBuildFile; fileRef = 045971AC243CF659007F3E29 /* SceneDelegate.swift */; };
		045971B0243CF659007F3E29 /* CoronaUI.xcdatamodeld in Sources */ = {isa = PBXBuildFile; fileRef = 045971AE243CF659007F3E29 /* CoronaUI.xcdatamodeld */; };
		045971B2243CF659007F3E29 /* ContentView.swift in Sources */ = {isa = PBXBuildFile; fileRef = 045971B1243CF659007F3E29 /* ContentView.swift */; };
		045971B4243CF65C007F3E29 /* Assets.xcassets in Resources */ = {isa = PBXBuildFile; fileRef = 045971B3243CF65C007F3E29 /* Assets.xcassets */; };
		045971B7243CF65C007F3E29 /* Preview Assets.xcassets in Resources */ = {isa = PBXBuildFile; fileRef = 045971B6243CF65C007F3E29 /* Preview Assets.xcassets */; };
		045971BA243CF65C007F3E29 /* LaunchScreen.storyboard in Resources */ = {isa = PBXBuildFile; fileRef = 045971B8243CF65C007F3E29 /* LaunchScreen.storyboard */; };
		045971C5243CF65C007F3E29 /* CoronaUITests.swift in Sources */ = {isa = PBXBuildFile; fileRef = 045971C4243CF65C007F3E29 /* CoronaUITests.swift */; };
		045971D0243CF65C007F3E29 /* CoronaUIUITests.swift in Sources */ = {isa = PBXBuildFile; fileRef = 045971CF243CF65C007F3E29 /* CoronaUIUITests.swift */; };
		0477C533243E652D000B05C9 /* Messages.swift in Sources */ = {isa = PBXBuildFile; fileRef = 0477C532243E652D000B05C9 /* Messages.swift */; };
		0477C537243E6604000B05C9 /* Attendance.swift in Sources */ = {isa = PBXBuildFile; fileRef = 0477C536243E6604000B05C9 /* Attendance.swift */; };
		0477C539243E6668000B05C9 /* PatientNameGeneration.swift in Sources */ = {isa = PBXBuildFile; fileRef = 0477C538243E6668000B05C9 /* PatientNameGeneration.swift */; };
		0477C53B243E6697000B05C9 /* DistrictGeneration.swift in Sources */ = {isa = PBXBuildFile; fileRef = 0477C53A243E6697000B05C9 /* DistrictGeneration.swift */; };
		04BF5647243D11670083867C /* MinisterioDaSaudeTwitter.swift in Sources */ = {isa = PBXBuildFile; fileRef = 04BF5646243D11670083867C /* MinisterioDaSaudeTwitter.swift */; };
		04BF564A243D13AA0083867C /* PortoAlegreStatus.swift in Sources */ = {isa = PBXBuildFile; fileRef = 04BF5649243D13AA0083867C /* PortoAlegreStatus.swift */; };
		04BF564C243D163A0083867C /* HomeTests.swift in Sources */ = {isa = PBXBuildFile; fileRef = 04BF564B243D16390083867C /* HomeTests.swift */; };
		04E5F428243E5BA700FD32B1 /* Patients.swift in Sources */ = {isa = PBXBuildFile; fileRef = 04E5F427243E5BA700FD32B1 /* Patients.swift */; };
		04E7B4DB2444DD8D00200569 /* PatientCell.swift in Sources */ = {isa = PBXBuildFile; fileRef = 04E7B4DA2444DD8D00200569 /* PatientCell.swift */; };
		04E7B4DE2444E60C00200569 /* ApplicationColors.swift in Sources */ = {isa = PBXBuildFile; fileRef = 04E7B4DD2444E60C00200569 /* ApplicationColors.swift */; };
		893084442449093C006EE64E /* CalendarHead.swift in Sources */ = {isa = PBXBuildFile; fileRef = 893084432449093C006EE64E /* CalendarHead.swift */; };
		8930844624490944006EE64E /* CalendarBody.swift in Sources */ = {isa = PBXBuildFile; fileRef = 8930844524490944006EE64E /* CalendarBody.swift */; };
		8930844A24490B39006EE64E /* CalendarMockBody.swift in Sources */ = {isa = PBXBuildFile; fileRef = 8930844924490B39006EE64E /* CalendarMockBody.swift */; };
		8930844C24490CAB006EE64E /* CalendarMockHead.swift in Sources */ = {isa = PBXBuildFile; fileRef = 8930844B24490CAB006EE64E /* CalendarMockHead.swift */; };
		8A2EC8EB24402DBF0056E1AE /* Agenda.swift in Sources */ = {isa = PBXBuildFile; fileRef = 8A2EC8EA24402DBF0056E1AE /* Agenda.swift */; };
		8A2EC8ED24402DF00056E1AE /* Informacoes.swift in Sources */ = {isa = PBXBuildFile; fileRef = 8A2EC8EC24402DF00056E1AE /* Informacoes.swift */; };
		8A91958524478D9C00DC3E59 /* Tweet.swift in Sources */ = {isa = PBXBuildFile; fileRef = 8A91958424478D9C00DC3E59 /* Tweet.swift */; };
		8A9195872447925E00DC3E59 /* TwitterCard.swift in Sources */ = {isa = PBXBuildFile; fileRef = 8A9195862447925E00DC3E59 /* TwitterCard.swift */; };
		8A91958924479ECE00DC3E59 /* CalendarCard.swift in Sources */ = {isa = PBXBuildFile; fileRef = 8A91958824479ECE00DC3E59 /* CalendarCard.swift */; };
		8AB2D3CA24477AA70058945D /* View+Extension.swift in Sources */ = {isa = PBXBuildFile; fileRef = 8AB2D3C924477AA70058945D /* View+Extension.swift */; };
		8AD9BE8524402912003E18C6 /* Dashboard.swift in Sources */ = {isa = PBXBuildFile; fileRef = 8AD9BE8424402912003E18C6 /* Dashboard.swift */; };
		8AE30D212444D1D500E27253 /* SearchBar.swift in Sources */ = {isa = PBXBuildFile; fileRef = 8AE30D202444D1D500E27253 /* SearchBar.swift */; };
		8AE30D262444D5B700E27253 /* TopBar.swift in Sources */ = {isa = PBXBuildFile; fileRef = 8AE30D252444D5B700E27253 /* TopBar.swift */; };
		8AE30D292444DD3500E27253 /* Notificacoes.swift in Sources */ = {isa = PBXBuildFile; fileRef = 8AE30D282444DD3500E27253 /* Notificacoes.swift */; };
		8AFA1C4324463545005E2707 /* ProfileCard.swift in Sources */ = {isa = PBXBuildFile; fileRef = 8AFA1C4224463545005E2707 /* ProfileCard.swift */; };
		8AFA1C4524463864005E2707 /* NotificationsCard.swift in Sources */ = {isa = PBXBuildFile; fileRef = 8AFA1C4424463864005E2707 /* NotificationsCard.swift */; };
		8AFA1C47244647C5005E2707 /* PacientsPercent.swift in Sources */ = {isa = PBXBuildFile; fileRef = 8AFA1C46244647C5005E2707 /* PacientsPercent.swift */; };
		8AFA1C4924465670005E2707 /* LocalCard.swift in Sources */ = {isa = PBXBuildFile; fileRef = 8AFA1C4824465670005E2707 /* LocalCard.swift */; };
/* End PBXBuildFile section */

/* Begin PBXContainerItemProxy section */
		045971C1243CF65C007F3E29 /* PBXContainerItemProxy */ = {
			isa = PBXContainerItemProxy;
			containerPortal = 0459719F243CF659007F3E29 /* Project object */;
			proxyType = 1;
			remoteGlobalIDString = 045971A6243CF659007F3E29;
			remoteInfo = CoronaUI;
		};
		045971CC243CF65C007F3E29 /* PBXContainerItemProxy */ = {
			isa = PBXContainerItemProxy;
			containerPortal = 0459719F243CF659007F3E29 /* Project object */;
			proxyType = 1;
			remoteGlobalIDString = 045971A6243CF659007F3E29;
			remoteInfo = CoronaUI;
		};
/* End PBXContainerItemProxy section */

/* Begin PBXFileReference section */
		0429C86E24477749006A995C /* PatientList.swift */ = {isa = PBXFileReference; fileEncoding = 4; lastKnownFileType = sourcecode.swift; path = PatientList.swift; sourceTree = "<group>"; };
		0429C86F24477749006A995C /* PatientsListHeader.swift */ = {isa = PBXFileReference; fileEncoding = 4; lastKnownFileType = sourcecode.swift; path = PatientsListHeader.swift; sourceTree = "<group>"; };
		0440FA172448EA6F00900E9B /* PersonalDataPatient.swift */ = {isa = PBXFileReference; fileEncoding = 4; lastKnownFileType = sourcecode.swift; path = PersonalDataPatient.swift; sourceTree = "<group>"; };
		0440FA182448EA6F00900E9B /* DiagnosticPatient.swift */ = {isa = PBXFileReference; fileEncoding = 4; lastKnownFileType = sourcecode.swift; path = DiagnosticPatient.swift; sourceTree = "<group>"; };
		0440FA192448EA6F00900E9B /* PacientesDetails.swift */ = {isa = PBXFileReference; fileEncoding = 4; lastKnownFileType = sourcecode.swift; path = PacientesDetails.swift; sourceTree = "<group>"; };
		0440FA1C2448EA6F00900E9B /* Acompanhamento.swift */ = {isa = PBXFileReference; fileEncoding = 4; lastKnownFileType = sourcecode.swift; path = Acompanhamento.swift; sourceTree = "<group>"; };
		0440FA1E2448EA6F00900E9B /* Mensagens.swift */ = {isa = PBXFileReference; fileEncoding = 4; lastKnownFileType = sourcecode.swift; path = Mensagens.swift; sourceTree = "<group>"; };
		0440FA202448EA6F00900E9B /* Dado_Sintomas.swift */ = {isa = PBXFileReference; fileEncoding = 4; lastKnownFileType = sourcecode.swift; path = Dado_Sintomas.swift; sourceTree = "<group>"; };
		0440FA212448EA6F00900E9B /* SecondCardTopBar.swift */ = {isa = PBXFileReference; fileEncoding = 4; lastKnownFileType = sourcecode.swift; path = SecondCardTopBar.swift; sourceTree = "<group>"; };
		0440FA232448EA6F00900E9B /* Notas.swift */ = {isa = PBXFileReference; fileEncoding = 4; lastKnownFileType = sourcecode.swift; path = Notas.swift; sourceTree = "<group>"; };
		0440FA252448EA6F00900E9B /* PessoasProximas.swift */ = {isa = PBXFileReference; fileEncoding = 4; lastKnownFileType = sourcecode.swift; path = PessoasProximas.swift; sourceTree = "<group>"; };
		045971A7243CF659007F3E29 /* CoronaUI.app */ = {isa = PBXFileReference; explicitFileType = wrapper.application; includeInIndex = 0; path = CoronaUI.app; sourceTree = BUILT_PRODUCTS_DIR; };
		045971AA243CF659007F3E29 /* AppDelegate.swift */ = {isa = PBXFileReference; lastKnownFileType = sourcecode.swift; path = AppDelegate.swift; sourceTree = "<group>"; };
		045971AC243CF659007F3E29 /* SceneDelegate.swift */ = {isa = PBXFileReference; lastKnownFileType = sourcecode.swift; path = SceneDelegate.swift; sourceTree = "<group>"; };
		045971AF243CF659007F3E29 /* CoronaUI.xcdatamodel */ = {isa = PBXFileReference; lastKnownFileType = wrapper.xcdatamodel; path = CoronaUI.xcdatamodel; sourceTree = "<group>"; };
		045971B1243CF659007F3E29 /* ContentView.swift */ = {isa = PBXFileReference; lastKnownFileType = sourcecode.swift; path = ContentView.swift; sourceTree = "<group>"; };
		045971B3243CF65C007F3E29 /* Assets.xcassets */ = {isa = PBXFileReference; lastKnownFileType = folder.assetcatalog; path = Assets.xcassets; sourceTree = "<group>"; };
		045971B6243CF65C007F3E29 /* Preview Assets.xcassets */ = {isa = PBXFileReference; lastKnownFileType = folder.assetcatalog; path = "Preview Assets.xcassets"; sourceTree = "<group>"; };
		045971B9243CF65C007F3E29 /* Base */ = {isa = PBXFileReference; lastKnownFileType = file.storyboard; name = Base; path = Base.lproj/LaunchScreen.storyboard; sourceTree = "<group>"; };
		045971BB243CF65C007F3E29 /* Info.plist */ = {isa = PBXFileReference; lastKnownFileType = text.plist.xml; path = Info.plist; sourceTree = "<group>"; };
		045971C0243CF65C007F3E29 /* CoronaUITests.xctest */ = {isa = PBXFileReference; explicitFileType = wrapper.cfbundle; includeInIndex = 0; path = CoronaUITests.xctest; sourceTree = BUILT_PRODUCTS_DIR; };
		045971C4243CF65C007F3E29 /* CoronaUITests.swift */ = {isa = PBXFileReference; lastKnownFileType = sourcecode.swift; path = CoronaUITests.swift; sourceTree = "<group>"; };
		045971C6243CF65C007F3E29 /* Info.plist */ = {isa = PBXFileReference; lastKnownFileType = text.plist.xml; path = Info.plist; sourceTree = "<group>"; };
		045971CB243CF65C007F3E29 /* CoronaUIUITests.xctest */ = {isa = PBXFileReference; explicitFileType = wrapper.cfbundle; includeInIndex = 0; path = CoronaUIUITests.xctest; sourceTree = BUILT_PRODUCTS_DIR; };
		045971CF243CF65C007F3E29 /* CoronaUIUITests.swift */ = {isa = PBXFileReference; lastKnownFileType = sourcecode.swift; path = CoronaUIUITests.swift; sourceTree = "<group>"; };
		045971D1243CF65C007F3E29 /* Info.plist */ = {isa = PBXFileReference; lastKnownFileType = text.plist.xml; path = Info.plist; sourceTree = "<group>"; };
		0477C532243E652D000B05C9 /* Messages.swift */ = {isa = PBXFileReference; lastKnownFileType = sourcecode.swift; path = Messages.swift; sourceTree = "<group>"; };
		0477C536243E6604000B05C9 /* Attendance.swift */ = {isa = PBXFileReference; lastKnownFileType = sourcecode.swift; path = Attendance.swift; sourceTree = "<group>"; };
		0477C538243E6668000B05C9 /* PatientNameGeneration.swift */ = {isa = PBXFileReference; lastKnownFileType = sourcecode.swift; path = PatientNameGeneration.swift; sourceTree = "<group>"; };
		0477C53A243E6697000B05C9 /* DistrictGeneration.swift */ = {isa = PBXFileReference; lastKnownFileType = sourcecode.swift; path = DistrictGeneration.swift; sourceTree = "<group>"; };
		04BF5646243D11670083867C /* MinisterioDaSaudeTwitter.swift */ = {isa = PBXFileReference; lastKnownFileType = sourcecode.swift; path = MinisterioDaSaudeTwitter.swift; sourceTree = "<group>"; };
		04BF5649243D13AA0083867C /* PortoAlegreStatus.swift */ = {isa = PBXFileReference; lastKnownFileType = sourcecode.swift; path = PortoAlegreStatus.swift; sourceTree = "<group>"; };
		04BF564B243D16390083867C /* HomeTests.swift */ = {isa = PBXFileReference; lastKnownFileType = sourcecode.swift; path = HomeTests.swift; sourceTree = "<group>"; };
		04E5F427243E5BA700FD32B1 /* Patients.swift */ = {isa = PBXFileReference; lastKnownFileType = sourcecode.swift; path = Patients.swift; sourceTree = "<group>"; };
		04E7B4DA2444DD8D00200569 /* PatientCell.swift */ = {isa = PBXFileReference; lastKnownFileType = sourcecode.swift; path = PatientCell.swift; sourceTree = "<group>"; };
		04E7B4DD2444E60C00200569 /* ApplicationColors.swift */ = {isa = PBXFileReference; lastKnownFileType = sourcecode.swift; path = ApplicationColors.swift; sourceTree = "<group>"; };
		893084432449093C006EE64E /* CalendarHead.swift */ = {isa = PBXFileReference; lastKnownFileType = sourcecode.swift; path = CalendarHead.swift; sourceTree = "<group>"; };
		8930844524490944006EE64E /* CalendarBody.swift */ = {isa = PBXFileReference; lastKnownFileType = sourcecode.swift; path = CalendarBody.swift; sourceTree = "<group>"; };
		8930844924490B39006EE64E /* CalendarMockBody.swift */ = {isa = PBXFileReference; lastKnownFileType = sourcecode.swift; path = CalendarMockBody.swift; sourceTree = "<group>"; };
		8930844B24490CAB006EE64E /* CalendarMockHead.swift */ = {isa = PBXFileReference; lastKnownFileType = sourcecode.swift; path = CalendarMockHead.swift; sourceTree = "<group>"; };
		8A2EC8EA24402DBF0056E1AE /* Agenda.swift */ = {isa = PBXFileReference; lastKnownFileType = sourcecode.swift; path = Agenda.swift; sourceTree = "<group>"; };
		8A2EC8EC24402DF00056E1AE /* Informacoes.swift */ = {isa = PBXFileReference; lastKnownFileType = sourcecode.swift; path = Informacoes.swift; sourceTree = "<group>"; };
		8A91958424478D9C00DC3E59 /* Tweet.swift */ = {isa = PBXFileReference; lastKnownFileType = sourcecode.swift; path = Tweet.swift; sourceTree = "<group>"; };
		8A9195862447925E00DC3E59 /* TwitterCard.swift */ = {isa = PBXFileReference; lastKnownFileType = sourcecode.swift; path = TwitterCard.swift; sourceTree = "<group>"; };
		8A91958824479ECE00DC3E59 /* CalendarCard.swift */ = {isa = PBXFileReference; lastKnownFileType = sourcecode.swift; path = CalendarCard.swift; sourceTree = "<group>"; };
		8AB2D3C924477AA70058945D /* View+Extension.swift */ = {isa = PBXFileReference; lastKnownFileType = sourcecode.swift; path = "View+Extension.swift"; sourceTree = "<group>"; };
		8AD9BE8424402912003E18C6 /* Dashboard.swift */ = {isa = PBXFileReference; lastKnownFileType = sourcecode.swift; path = Dashboard.swift; sourceTree = "<group>"; };
		8AE30D202444D1D500E27253 /* SearchBar.swift */ = {isa = PBXFileReference; lastKnownFileType = sourcecode.swift; path = SearchBar.swift; sourceTree = "<group>"; };
		8AE30D252444D5B700E27253 /* TopBar.swift */ = {isa = PBXFileReference; lastKnownFileType = sourcecode.swift; path = TopBar.swift; sourceTree = "<group>"; };
		8AE30D282444DD3500E27253 /* Notificacoes.swift */ = {isa = PBXFileReference; lastKnownFileType = sourcecode.swift; path = Notificacoes.swift; sourceTree = "<group>"; };
		8AFA1C4224463545005E2707 /* ProfileCard.swift */ = {isa = PBXFileReference; lastKnownFileType = sourcecode.swift; path = ProfileCard.swift; sourceTree = "<group>"; };
		8AFA1C4424463864005E2707 /* NotificationsCard.swift */ = {isa = PBXFileReference; lastKnownFileType = sourcecode.swift; path = NotificationsCard.swift; sourceTree = "<group>"; };
		8AFA1C46244647C5005E2707 /* PacientsPercent.swift */ = {isa = PBXFileReference; lastKnownFileType = sourcecode.swift; path = PacientsPercent.swift; sourceTree = "<group>"; };
		8AFA1C4824465670005E2707 /* LocalCard.swift */ = {isa = PBXFileReference; lastKnownFileType = sourcecode.swift; path = LocalCard.swift; sourceTree = "<group>"; };
/* End PBXFileReference section */

/* Begin PBXFrameworksBuildPhase section */
		045971A4243CF659007F3E29 /* Frameworks */ = {
			isa = PBXFrameworksBuildPhase;
			buildActionMask = 2147483647;
			files = (
			);
			runOnlyForDeploymentPostprocessing = 0;
		};
		045971BD243CF65C007F3E29 /* Frameworks */ = {
			isa = PBXFrameworksBuildPhase;
			buildActionMask = 2147483647;
			files = (
			);
			runOnlyForDeploymentPostprocessing = 0;
		};
		045971C8243CF65C007F3E29 /* Frameworks */ = {
			isa = PBXFrameworksBuildPhase;
			buildActionMask = 2147483647;
			files = (
			);
			runOnlyForDeploymentPostprocessing = 0;
		};
/* End PBXFrameworksBuildPhase section */

/* Begin PBXGroup section */
		0429C86D24477749006A995C /* PatientList */ = {
			isa = PBXGroup;
			children = (
				0440FA152448EA6F00900E9B /* PacientesDetails */,
				0429C86E24477749006A995C /* PatientList.swift */,
				0429C86F24477749006A995C /* PatientsListHeader.swift */,
				04E7B4DA2444DD8D00200569 /* PatientCell.swift */,
			);
			name = PatientList;
			path = CoronaUI/Views/Pacientes/PatientList;
			sourceTree = SOURCE_ROOT;
		};
		0440FA152448EA6F00900E9B /* PacientesDetails */ = {
			isa = PBXGroup;
			children = (
				0440FA192448EA6F00900E9B /* PacientesDetails.swift */,
				0440FA162448EA6F00900E9B /* FirstCardSubview */,
				0440FA1A2448EA6F00900E9B /* SecondCardSubview */,
			);
			path = PacientesDetails;
			sourceTree = "<group>";
		};
		0440FA162448EA6F00900E9B /* FirstCardSubview */ = {
			isa = PBXGroup;
			children = (
				0440FA172448EA6F00900E9B /* PersonalDataPatient.swift */,
				0440FA182448EA6F00900E9B /* DiagnosticPatient.swift */,
			);
			path = FirstCardSubview;
			sourceTree = "<group>";
		};
		0440FA1A2448EA6F00900E9B /* SecondCardSubview */ = {
			isa = PBXGroup;
			children = (
				0440FA212448EA6F00900E9B /* SecondCardTopBar.swift */,
				0440FA1F2448EA6F00900E9B /* Dados e Sintomas */,
				0440FA1D2448EA6F00900E9B /* Mensagens */,
				0440FA1B2448EA6F00900E9B /* Acompanhamento */,
				0440FA222448EA6F00900E9B /* Notas */,
				0440FA242448EA6F00900E9B /* Pessoas Proximas */,
			);
			path = SecondCardSubview;
			sourceTree = "<group>";
		};
		0440FA1B2448EA6F00900E9B /* Acompanhamento */ = {
			isa = PBXGroup;
			children = (
				0440FA1C2448EA6F00900E9B /* Acompanhamento.swift */,
				893084472449094B006EE64E /* CalendarHead */,
				8930844824490955006EE64E /* CalendarBody */,
			);
			path = Acompanhamento;
			sourceTree = "<group>";
		};
		0440FA1D2448EA6F00900E9B /* Mensagens */ = {
			isa = PBXGroup;
			children = (
				0440FA1E2448EA6F00900E9B /* Mensagens.swift */,
			);
			path = Mensagens;
			sourceTree = "<group>";
		};
		0440FA1F2448EA6F00900E9B /* Dados e Sintomas */ = {
			isa = PBXGroup;
			children = (
				0440FA202448EA6F00900E9B /* Dado_Sintomas.swift */,
			);
			path = "Dados e Sintomas";
			sourceTree = "<group>";
		};
		0440FA222448EA6F00900E9B /* Notas */ = {
			isa = PBXGroup;
			children = (
				0440FA232448EA6F00900E9B /* Notas.swift */,
			);
			path = Notas;
			sourceTree = "<group>";
		};
		0440FA242448EA6F00900E9B /* Pessoas Proximas */ = {
			isa = PBXGroup;
			children = (
				0440FA252448EA6F00900E9B /* PessoasProximas.swift */,
			);
			path = "Pessoas Proximas";
			sourceTree = "<group>";
		};
		0459719E243CF659007F3E29 = {
			isa = PBXGroup;
			children = (
				045971A9243CF659007F3E29 /* CoronaUI */,
				045971C3243CF65C007F3E29 /* CoronaUITests */,
				045971CE243CF65C007F3E29 /* CoronaUIUITests */,
				045971A8243CF659007F3E29 /* Products */,
			);
			sourceTree = "<group>";
		};
		045971A8243CF659007F3E29 /* Products */ = {
			isa = PBXGroup;
			children = (
				045971A7243CF659007F3E29 /* CoronaUI.app */,
				045971C0243CF65C007F3E29 /* CoronaUITests.xctest */,
				045971CB243CF65C007F3E29 /* CoronaUIUITests.xctest */,
			);
			name = Products;
			sourceTree = "<group>";
		};
		045971A9243CF659007F3E29 /* CoronaUI */ = {
			isa = PBXGroup;
			children = (
				8A91958324478D8D00DC3E59 /* Model */,
				04E7B4DC2444E5FF00200569 /* Resources */,
				8AD9BE82244028E7003E18C6 /* Views */,
				04BF5645243D10C90083867C /* FakeNetwork */,
				899D81D9243FEB0B002603E7 /* Support */,
				045971B3243CF65C007F3E29 /* Assets.xcassets */,
				045971B8243CF65C007F3E29 /* LaunchScreen.storyboard */,
				045971AE243CF659007F3E29 /* CoronaUI.xcdatamodeld */,
				045971B5243CF65C007F3E29 /* Preview Content */,
			);
			path = CoronaUI;
			sourceTree = "<group>";
		};
		045971B5243CF65C007F3E29 /* Preview Content */ = {
			isa = PBXGroup;
			children = (
				045971B6243CF65C007F3E29 /* Preview Assets.xcassets */,
			);
			path = "Preview Content";
			sourceTree = "<group>";
		};
		045971C3243CF65C007F3E29 /* CoronaUITests */ = {
			isa = PBXGroup;
			children = (
				045971C4243CF65C007F3E29 /* CoronaUITests.swift */,
				045971C6243CF65C007F3E29 /* Info.plist */,
			);
			path = CoronaUITests;
			sourceTree = "<group>";
		};
		045971CE243CF65C007F3E29 /* CoronaUIUITests */ = {
			isa = PBXGroup;
			children = (
				045971CF243CF65C007F3E29 /* CoronaUIUITests.swift */,
				045971D1243CF65C007F3E29 /* Info.plist */,
			);
			path = CoronaUIUITests;
			sourceTree = "<group>";
		};
		04BF5645243D10C90083867C /* FakeNetwork */ = {
			isa = PBXGroup;
			children = (
				04BF5648243D138B0083867C /* DashBoard */,
				04E5F426243E5B5900FD32B1 /* ConfirmedPatients */,
			);
			path = FakeNetwork;
			sourceTree = "<group>";
		};
		04BF5648243D138B0083867C /* DashBoard */ = {
			isa = PBXGroup;
			children = (
				04BF5646243D11670083867C /* MinisterioDaSaudeTwitter.swift */,
				04BF5649243D13AA0083867C /* PortoAlegreStatus.swift */,
				04BF564B243D16390083867C /* HomeTests.swift */,
			);
			path = DashBoard;
			sourceTree = "<group>";
		};
		04E5F426243E5B5900FD32B1 /* ConfirmedPatients */ = {
			isa = PBXGroup;
			children = (
				04E5F427243E5BA700FD32B1 /* Patients.swift */,
				0477C532243E652D000B05C9 /* Messages.swift */,
				0477C536243E6604000B05C9 /* Attendance.swift */,
				0477C538243E6668000B05C9 /* PatientNameGeneration.swift */,
				0477C53A243E6697000B05C9 /* DistrictGeneration.swift */,
			);
			path = ConfirmedPatients;
			sourceTree = "<group>";
		};
		04E7B4DC2444E5FF00200569 /* Resources */ = {
			isa = PBXGroup;
			children = (
				04E7B4DD2444E60C00200569 /* ApplicationColors.swift */,
				8AB2D3C924477AA70058945D /* View+Extension.swift */,
			);
			path = Resources;
			sourceTree = "<group>";
		};
		893084472449094B006EE64E /* CalendarHead */ = {
			isa = PBXGroup;
			children = (
				893084432449093C006EE64E /* CalendarHead.swift */,
				8930844B24490CAB006EE64E /* CalendarMockHead.swift */,
			);
			path = CalendarHead;
			sourceTree = "<group>";
		};
		8930844824490955006EE64E /* CalendarBody */ = {
			isa = PBXGroup;
			children = (
				8930844524490944006EE64E /* CalendarBody.swift */,
				8930844924490B39006EE64E /* CalendarMockBody.swift */,
			);
			path = CalendarBody;
			sourceTree = "<group>";
		};
		899D81D9243FEB0B002603E7 /* Support */ = {
			isa = PBXGroup;
			children = (
				045971AA243CF659007F3E29 /* AppDelegate.swift */,
				045971AC243CF659007F3E29 /* SceneDelegate.swift */,
				045971BB243CF65C007F3E29 /* Info.plist */,
			);
			path = Support;
			sourceTree = "<group>";
		};
		8A91958324478D8D00DC3E59 /* Model */ = {
			isa = PBXGroup;
			children = (
				8A91958424478D9C00DC3E59 /* Tweet.swift */,
			);
			path = Model;
			sourceTree = "<group>";
		};
		8AD9BE82244028E7003E18C6 /* Views */ = {
			isa = PBXGroup;
			children = (
				8AD9BE8324402900003E18C6 /* Dashboard */,
				8AE30D222444D3DA00E27253 /* Pacientes */,
				8AE30D232444D3E500E27253 /* Agenda */,
				8AE30D242444D3EC00E27253 /* Informacoes */,
				045971B1243CF659007F3E29 /* ContentView.swift */,
				8AE30D202444D1D500E27253 /* SearchBar.swift */,
				8AE30D252444D5B700E27253 /* TopBar.swift */,
			);
			path = Views;
			sourceTree = "<group>";
		};
		8AD9BE8324402900003E18C6 /* Dashboard */ = {
			isa = PBXGroup;
			children = (
				8AD9BE8424402912003E18C6 /* Dashboard.swift */,
				8AE30D272444DD1E00E27253 /* Subviews */,
			);
			path = Dashboard;
			sourceTree = "<group>";
		};
		8AE30D222444D3DA00E27253 /* Pacientes */ = {
			isa = PBXGroup;
			children = (
				0429C86D24477749006A995C /* PatientList */,
			);
			path = Pacientes;
			sourceTree = "<group>";
		};
		8AE30D232444D3E500E27253 /* Agenda */ = {
			isa = PBXGroup;
			children = (
				8A2EC8EA24402DBF0056E1AE /* Agenda.swift */,
			);
			path = Agenda;
			sourceTree = "<group>";
		};
		8AE30D242444D3EC00E27253 /* Informacoes */ = {
			isa = PBXGroup;
			children = (
				8A2EC8EC24402DF00056E1AE /* Informacoes.swift */,
			);
			path = Informacoes;
			sourceTree = "<group>";
		};
		8AE30D272444DD1E00E27253 /* Subviews */ = {
			isa = PBXGroup;
			children = (
				8AE30D282444DD3500E27253 /* Notificacoes.swift */,
				8AFA1C4224463545005E2707 /* ProfileCard.swift */,
				8AFA1C4424463864005E2707 /* NotificationsCard.swift */,
				8AFA1C46244647C5005E2707 /* PacientsPercent.swift */,
				8AFA1C4824465670005E2707 /* LocalCard.swift */,
				8A9195862447925E00DC3E59 /* TwitterCard.swift */,
				8A91958824479ECE00DC3E59 /* CalendarCard.swift */,
			);
			path = Subviews;
			sourceTree = "<group>";
		};
/* End PBXGroup section */

/* Begin PBXNativeTarget section */
		045971A6243CF659007F3E29 /* CoronaUI */ = {
			isa = PBXNativeTarget;
			buildConfigurationList = 045971D4243CF65C007F3E29 /* Build configuration list for PBXNativeTarget "CoronaUI" */;
			buildPhases = (
				045971A3243CF659007F3E29 /* Sources */,
				045971A4243CF659007F3E29 /* Frameworks */,
				045971A5243CF659007F3E29 /* Resources */,
			);
			buildRules = (
			);
			dependencies = (
			);
			name = CoronaUI;
			productName = CoronaUI;
			productReference = 045971A7243CF659007F3E29 /* CoronaUI.app */;
			productType = "com.apple.product-type.application";
		};
		045971BF243CF65C007F3E29 /* CoronaUITests */ = {
			isa = PBXNativeTarget;
			buildConfigurationList = 045971D7243CF65C007F3E29 /* Build configuration list for PBXNativeTarget "CoronaUITests" */;
			buildPhases = (
				045971BC243CF65C007F3E29 /* Sources */,
				045971BD243CF65C007F3E29 /* Frameworks */,
				045971BE243CF65C007F3E29 /* Resources */,
			);
			buildRules = (
			);
			dependencies = (
				045971C2243CF65C007F3E29 /* PBXTargetDependency */,
			);
			name = CoronaUITests;
			productName = CoronaUITests;
			productReference = 045971C0243CF65C007F3E29 /* CoronaUITests.xctest */;
			productType = "com.apple.product-type.bundle.unit-test";
		};
		045971CA243CF65C007F3E29 /* CoronaUIUITests */ = {
			isa = PBXNativeTarget;
			buildConfigurationList = 045971DA243CF65C007F3E29 /* Build configuration list for PBXNativeTarget "CoronaUIUITests" */;
			buildPhases = (
				045971C7243CF65C007F3E29 /* Sources */,
				045971C8243CF65C007F3E29 /* Frameworks */,
				045971C9243CF65C007F3E29 /* Resources */,
			);
			buildRules = (
			);
			dependencies = (
				045971CD243CF65C007F3E29 /* PBXTargetDependency */,
			);
			name = CoronaUIUITests;
			productName = CoronaUIUITests;
			productReference = 045971CB243CF65C007F3E29 /* CoronaUIUITests.xctest */;
			productType = "com.apple.product-type.bundle.ui-testing";
		};
/* End PBXNativeTarget section */

/* Begin PBXProject section */
		0459719F243CF659007F3E29 /* Project object */ = {
			isa = PBXProject;
			attributes = {
				LastSwiftUpdateCheck = 1140;
				LastUpgradeCheck = 1140;
				ORGANIZATIONNAME = LuizGuerra;
				TargetAttributes = {
					045971A6243CF659007F3E29 = {
						CreatedOnToolsVersion = 11.4;
					};
					045971BF243CF65C007F3E29 = {
						CreatedOnToolsVersion = 11.4;
						TestTargetID = 045971A6243CF659007F3E29;
					};
					045971CA243CF65C007F3E29 = {
						CreatedOnToolsVersion = 11.4;
						TestTargetID = 045971A6243CF659007F3E29;
					};
				};
			};
			buildConfigurationList = 045971A2243CF659007F3E29 /* Build configuration list for PBXProject "CoronaUI" */;
			compatibilityVersion = "Xcode 9.3";
			developmentRegion = en;
			hasScannedForEncodings = 0;
			knownRegions = (
				en,
				Base,
			);
			mainGroup = 0459719E243CF659007F3E29;
			productRefGroup = 045971A8243CF659007F3E29 /* Products */;
			projectDirPath = "";
			projectRoot = "";
			targets = (
				045971A6243CF659007F3E29 /* CoronaUI */,
				045971BF243CF65C007F3E29 /* CoronaUITests */,
				045971CA243CF65C007F3E29 /* CoronaUIUITests */,
			);
		};
/* End PBXProject section */

/* Begin PBXResourcesBuildPhase section */
		045971A5243CF659007F3E29 /* Resources */ = {
			isa = PBXResourcesBuildPhase;
			buildActionMask = 2147483647;
			files = (
				045971BA243CF65C007F3E29 /* LaunchScreen.storyboard in Resources */,
				045971B7243CF65C007F3E29 /* Preview Assets.xcassets in Resources */,
				045971B4243CF65C007F3E29 /* Assets.xcassets in Resources */,
			);
			runOnlyForDeploymentPostprocessing = 0;
		};
		045971BE243CF65C007F3E29 /* Resources */ = {
			isa = PBXResourcesBuildPhase;
			buildActionMask = 2147483647;
			files = (
			);
			runOnlyForDeploymentPostprocessing = 0;
		};
		045971C9243CF65C007F3E29 /* Resources */ = {
			isa = PBXResourcesBuildPhase;
			buildActionMask = 2147483647;
			files = (
			);
			runOnlyForDeploymentPostprocessing = 0;
		};
/* End PBXResourcesBuildPhase section */

/* Begin PBXSourcesBuildPhase section */
		045971A3243CF659007F3E29 /* Sources */ = {
			isa = PBXSourcesBuildPhase;
			buildActionMask = 2147483647;
			files = (
				0440FA292448EA6F00900E9B /* Acompanhamento.swift in Sources */,
				04E7B4DE2444E60C00200569 /* ApplicationColors.swift in Sources */,
				8AE30D292444DD3500E27253 /* Notificacoes.swift in Sources */,
				0440FA2B2448EA6F00900E9B /* Dado_Sintomas.swift in Sources */,
				8930844C24490CAB006EE64E /* CalendarMockHead.swift in Sources */,
				04BF564A243D13AA0083867C /* PortoAlegreStatus.swift in Sources */,
				8AE30D262444D5B700E27253 /* TopBar.swift in Sources */,
				8AD9BE8524402912003E18C6 /* Dashboard.swift in Sources */,
				8A2EC8ED24402DF00056E1AE /* Informacoes.swift in Sources */,
				0477C533243E652D000B05C9 /* Messages.swift in Sources */,
				893084442449093C006EE64E /* CalendarHead.swift in Sources */,
				8A91958524478D9C00DC3E59 /* Tweet.swift in Sources */,
				0440FA2C2448EA6F00900E9B /* SecondCardTopBar.swift in Sources */,
				04E5F428243E5BA700FD32B1 /* Patients.swift in Sources */,
				8AFA1C47244647C5005E2707 /* PacientsPercent.swift in Sources */,
				045971AB243CF659007F3E29 /* AppDelegate.swift in Sources */,
				0477C537243E6604000B05C9 /* Attendance.swift in Sources */,
				0440FA272448EA6F00900E9B /* DiagnosticPatient.swift in Sources */,
				0440FA282448EA6F00900E9B /* PacientesDetails.swift in Sources */,
				8A91958924479ECE00DC3E59 /* CalendarCard.swift in Sources */,
				8AFA1C4524463864005E2707 /* NotificationsCard.swift in Sources */,
				0429C8712447774A006A995C /* PatientsListHeader.swift in Sources */,
				0477C539243E6668000B05C9 /* PatientNameGeneration.swift in Sources */,
				8AFA1C4924465670005E2707 /* LocalCard.swift in Sources */,
				045971B0243CF659007F3E29 /* CoronaUI.xcdatamodeld in Sources */,
				0477C53B243E6697000B05C9 /* DistrictGeneration.swift in Sources */,
				0440FA2A2448EA6F00900E9B /* Mensagens.swift in Sources */,
				045971B2243CF659007F3E29 /* ContentView.swift in Sources */,
				8A9195872447925E00DC3E59 /* TwitterCard.swift in Sources */,
				0440FA2E2448EA6F00900E9B /* PessoasProximas.swift in Sources */,
				04BF5647243D11670083867C /* MinisterioDaSaudeTwitter.swift in Sources */,
				0429C8702447774A006A995C /* PatientList.swift in Sources */,
				0440FA262448EA6F00900E9B /* PersonalDataPatient.swift in Sources */,
				04BF564C243D163A0083867C /* HomeTests.swift in Sources */,
				8A2EC8EB24402DBF0056E1AE /* Agenda.swift in Sources */,
				8930844624490944006EE64E /* CalendarBody.swift in Sources */,
				04E7B4DB2444DD8D00200569 /* PatientCell.swift in Sources */,
				0440FA2D2448EA6F00900E9B /* Notas.swift in Sources */,
				8930844A24490B39006EE64E /* CalendarMockBody.swift in Sources */,
				8AB2D3CA24477AA70058945D /* View+Extension.swift in Sources */,
				8AE30D212444D1D500E27253 /* SearchBar.swift in Sources */,
				045971AD243CF659007F3E29 /* SceneDelegate.swift in Sources */,
				8AFA1C4324463545005E2707 /* ProfileCard.swift in Sources */,
			);
			runOnlyForDeploymentPostprocessing = 0;
		};
		045971BC243CF65C007F3E29 /* Sources */ = {
			isa = PBXSourcesBuildPhase;
			buildActionMask = 2147483647;
			files = (
				045971C5243CF65C007F3E29 /* CoronaUITests.swift in Sources */,
			);
			runOnlyForDeploymentPostprocessing = 0;
		};
		045971C7243CF65C007F3E29 /* Sources */ = {
			isa = PBXSourcesBuildPhase;
			buildActionMask = 2147483647;
			files = (
				045971D0243CF65C007F3E29 /* CoronaUIUITests.swift in Sources */,
			);
			runOnlyForDeploymentPostprocessing = 0;
		};
/* End PBXSourcesBuildPhase section */

/* Begin PBXTargetDependency section */
		045971C2243CF65C007F3E29 /* PBXTargetDependency */ = {
			isa = PBXTargetDependency;
			target = 045971A6243CF659007F3E29 /* CoronaUI */;
			targetProxy = 045971C1243CF65C007F3E29 /* PBXContainerItemProxy */;
		};
		045971CD243CF65C007F3E29 /* PBXTargetDependency */ = {
			isa = PBXTargetDependency;
			target = 045971A6243CF659007F3E29 /* CoronaUI */;
			targetProxy = 045971CC243CF65C007F3E29 /* PBXContainerItemProxy */;
		};
/* End PBXTargetDependency section */

/* Begin PBXVariantGroup section */
		045971B8243CF65C007F3E29 /* LaunchScreen.storyboard */ = {
			isa = PBXVariantGroup;
			children = (
				045971B9243CF65C007F3E29 /* Base */,
			);
			name = LaunchScreen.storyboard;
			sourceTree = "<group>";
		};
/* End PBXVariantGroup section */

/* Begin XCBuildConfiguration section */
		045971D2243CF65C007F3E29 /* Debug */ = {
			isa = XCBuildConfiguration;
			buildSettings = {
				ALWAYS_SEARCH_USER_PATHS = NO;
				CLANG_ANALYZER_NONNULL = YES;
				CLANG_ANALYZER_NUMBER_OBJECT_CONVERSION = YES_AGGRESSIVE;
				CLANG_CXX_LANGUAGE_STANDARD = "gnu++14";
				CLANG_CXX_LIBRARY = "libc++";
				CLANG_ENABLE_MODULES = YES;
				CLANG_ENABLE_OBJC_ARC = YES;
				CLANG_ENABLE_OBJC_WEAK = YES;
				CLANG_WARN_BLOCK_CAPTURE_AUTORELEASING = YES;
				CLANG_WARN_BOOL_CONVERSION = YES;
				CLANG_WARN_COMMA = YES;
				CLANG_WARN_CONSTANT_CONVERSION = YES;
				CLANG_WARN_DEPRECATED_OBJC_IMPLEMENTATIONS = YES;
				CLANG_WARN_DIRECT_OBJC_ISA_USAGE = YES_ERROR;
				CLANG_WARN_DOCUMENTATION_COMMENTS = YES;
				CLANG_WARN_EMPTY_BODY = YES;
				CLANG_WARN_ENUM_CONVERSION = YES;
				CLANG_WARN_INFINITE_RECURSION = YES;
				CLANG_WARN_INT_CONVERSION = YES;
				CLANG_WARN_NON_LITERAL_NULL_CONVERSION = YES;
				CLANG_WARN_OBJC_IMPLICIT_RETAIN_SELF = YES;
				CLANG_WARN_OBJC_LITERAL_CONVERSION = YES;
				CLANG_WARN_OBJC_ROOT_CLASS = YES_ERROR;
				CLANG_WARN_RANGE_LOOP_ANALYSIS = YES;
				CLANG_WARN_STRICT_PROTOTYPES = YES;
				CLANG_WARN_SUSPICIOUS_MOVE = YES;
				CLANG_WARN_UNGUARDED_AVAILABILITY = YES_AGGRESSIVE;
				CLANG_WARN_UNREACHABLE_CODE = YES;
				CLANG_WARN__DUPLICATE_METHOD_MATCH = YES;
				COPY_PHASE_STRIP = NO;
				DEBUG_INFORMATION_FORMAT = dwarf;
				ENABLE_STRICT_OBJC_MSGSEND = YES;
				ENABLE_TESTABILITY = YES;
				GCC_C_LANGUAGE_STANDARD = gnu11;
				GCC_DYNAMIC_NO_PIC = NO;
				GCC_NO_COMMON_BLOCKS = YES;
				GCC_OPTIMIZATION_LEVEL = 0;
				GCC_PREPROCESSOR_DEFINITIONS = (
					"DEBUG=1",
					"$(inherited)",
				);
				GCC_WARN_64_TO_32_BIT_CONVERSION = YES;
				GCC_WARN_ABOUT_RETURN_TYPE = YES_ERROR;
				GCC_WARN_UNDECLARED_SELECTOR = YES;
				GCC_WARN_UNINITIALIZED_AUTOS = YES_AGGRESSIVE;
				GCC_WARN_UNUSED_FUNCTION = YES;
				GCC_WARN_UNUSED_VARIABLE = YES;
				IPHONEOS_DEPLOYMENT_TARGET = 13.4;
				MTL_ENABLE_DEBUG_INFO = INCLUDE_SOURCE;
				MTL_FAST_MATH = YES;
				ONLY_ACTIVE_ARCH = YES;
				SDKROOT = iphoneos;
				SWIFT_ACTIVE_COMPILATION_CONDITIONS = DEBUG;
				SWIFT_OPTIMIZATION_LEVEL = "-Onone";
			};
			name = Debug;
		};
		045971D3243CF65C007F3E29 /* Release */ = {
			isa = XCBuildConfiguration;
			buildSettings = {
				ALWAYS_SEARCH_USER_PATHS = NO;
				CLANG_ANALYZER_NONNULL = YES;
				CLANG_ANALYZER_NUMBER_OBJECT_CONVERSION = YES_AGGRESSIVE;
				CLANG_CXX_LANGUAGE_STANDARD = "gnu++14";
				CLANG_CXX_LIBRARY = "libc++";
				CLANG_ENABLE_MODULES = YES;
				CLANG_ENABLE_OBJC_ARC = YES;
				CLANG_ENABLE_OBJC_WEAK = YES;
				CLANG_WARN_BLOCK_CAPTURE_AUTORELEASING = YES;
				CLANG_WARN_BOOL_CONVERSION = YES;
				CLANG_WARN_COMMA = YES;
				CLANG_WARN_CONSTANT_CONVERSION = YES;
				CLANG_WARN_DEPRECATED_OBJC_IMPLEMENTATIONS = YES;
				CLANG_WARN_DIRECT_OBJC_ISA_USAGE = YES_ERROR;
				CLANG_WARN_DOCUMENTATION_COMMENTS = YES;
				CLANG_WARN_EMPTY_BODY = YES;
				CLANG_WARN_ENUM_CONVERSION = YES;
				CLANG_WARN_INFINITE_RECURSION = YES;
				CLANG_WARN_INT_CONVERSION = YES;
				CLANG_WARN_NON_LITERAL_NULL_CONVERSION = YES;
				CLANG_WARN_OBJC_IMPLICIT_RETAIN_SELF = YES;
				CLANG_WARN_OBJC_LITERAL_CONVERSION = YES;
				CLANG_WARN_OBJC_ROOT_CLASS = YES_ERROR;
				CLANG_WARN_RANGE_LOOP_ANALYSIS = YES;
				CLANG_WARN_STRICT_PROTOTYPES = YES;
				CLANG_WARN_SUSPICIOUS_MOVE = YES;
				CLANG_WARN_UNGUARDED_AVAILABILITY = YES_AGGRESSIVE;
				CLANG_WARN_UNREACHABLE_CODE = YES;
				CLANG_WARN__DUPLICATE_METHOD_MATCH = YES;
				COPY_PHASE_STRIP = NO;
				DEBUG_INFORMATION_FORMAT = "dwarf-with-dsym";
				ENABLE_NS_ASSERTIONS = NO;
				ENABLE_STRICT_OBJC_MSGSEND = YES;
				GCC_C_LANGUAGE_STANDARD = gnu11;
				GCC_NO_COMMON_BLOCKS = YES;
				GCC_WARN_64_TO_32_BIT_CONVERSION = YES;
				GCC_WARN_ABOUT_RETURN_TYPE = YES_ERROR;
				GCC_WARN_UNDECLARED_SELECTOR = YES;
				GCC_WARN_UNINITIALIZED_AUTOS = YES_AGGRESSIVE;
				GCC_WARN_UNUSED_FUNCTION = YES;
				GCC_WARN_UNUSED_VARIABLE = YES;
				IPHONEOS_DEPLOYMENT_TARGET = 13.4;
				MTL_ENABLE_DEBUG_INFO = NO;
				MTL_FAST_MATH = YES;
				SDKROOT = iphoneos;
				SWIFT_COMPILATION_MODE = wholemodule;
				SWIFT_OPTIMIZATION_LEVEL = "-O";
				VALIDATE_PRODUCT = YES;
			};
			name = Release;
		};
		045971D5243CF65C007F3E29 /* Debug */ = {
			isa = XCBuildConfiguration;
			buildSettings = {
				ASSETCATALOG_COMPILER_APPICON_NAME = AppIcon;
				CODE_SIGN_STYLE = Automatic;
				DEVELOPMENT_ASSET_PATHS = "\"CoronaUI/Preview Content\"";
				DEVELOPMENT_TEAM = ZJDDP65ZQ3;
				ENABLE_PREVIEWS = YES;
				INFOPLIST_FILE = CoronaUI/Support/Info.plist;
				LD_RUNPATH_SEARCH_PATHS = (
					"$(inherited)",
					"@executable_path/Frameworks",
				);
				PRODUCT_BUNDLE_IDENTIFIER = LuizGuerra.CoronaUI;
				PRODUCT_NAME = "$(TARGET_NAME)";
				SWIFT_VERSION = 5.0;
				TARGETED_DEVICE_FAMILY = "1,2";
			};
			name = Debug;
		};
		045971D6243CF65C007F3E29 /* Release */ = {
			isa = XCBuildConfiguration;
			buildSettings = {
				ASSETCATALOG_COMPILER_APPICON_NAME = AppIcon;
				CODE_SIGN_STYLE = Automatic;
				DEVELOPMENT_ASSET_PATHS = "\"CoronaUI/Preview Content\"";
				DEVELOPMENT_TEAM = ZJDDP65ZQ3;
				ENABLE_PREVIEWS = YES;
				INFOPLIST_FILE = CoronaUI/Support/Info.plist;
				LD_RUNPATH_SEARCH_PATHS = (
					"$(inherited)",
					"@executable_path/Frameworks",
				);
				PRODUCT_BUNDLE_IDENTIFIER = LuizGuerra.CoronaUI;
				PRODUCT_NAME = "$(TARGET_NAME)";
				SWIFT_VERSION = 5.0;
				TARGETED_DEVICE_FAMILY = "1,2";
			};
			name = Release;
		};
		045971D8243CF65C007F3E29 /* Debug */ = {
			isa = XCBuildConfiguration;
			buildSettings = {
				ALWAYS_EMBED_SWIFT_STANDARD_LIBRARIES = YES;
				BUNDLE_LOADER = "$(TEST_HOST)";
				CODE_SIGN_STYLE = Automatic;
				DEVELOPMENT_TEAM = 9BB2SW97R4;
				INFOPLIST_FILE = CoronaUITests/Info.plist;
				IPHONEOS_DEPLOYMENT_TARGET = 13.4;
				LD_RUNPATH_SEARCH_PATHS = (
					"$(inherited)",
					"@executable_path/Frameworks",
					"@loader_path/Frameworks",
				);
				PRODUCT_BUNDLE_IDENTIFIER = LuizGuerra.CoronaUITests;
				PRODUCT_NAME = "$(TARGET_NAME)";
				SWIFT_VERSION = 5.0;
				TARGETED_DEVICE_FAMILY = "1,2";
				TEST_HOST = "$(BUILT_PRODUCTS_DIR)/CoronaUI.app/CoronaUI";
			};
			name = Debug;
		};
		045971D9243CF65C007F3E29 /* Release */ = {
			isa = XCBuildConfiguration;
			buildSettings = {
				ALWAYS_EMBED_SWIFT_STANDARD_LIBRARIES = YES;
				BUNDLE_LOADER = "$(TEST_HOST)";
				CODE_SIGN_STYLE = Automatic;
				DEVELOPMENT_TEAM = 9BB2SW97R4;
				INFOPLIST_FILE = CoronaUITests/Info.plist;
				IPHONEOS_DEPLOYMENT_TARGET = 13.4;
				LD_RUNPATH_SEARCH_PATHS = (
					"$(inherited)",
					"@executable_path/Frameworks",
					"@loader_path/Frameworks",
				);
				PRODUCT_BUNDLE_IDENTIFIER = LuizGuerra.CoronaUITests;
				PRODUCT_NAME = "$(TARGET_NAME)";
				SWIFT_VERSION = 5.0;
				TARGETED_DEVICE_FAMILY = "1,2";
				TEST_HOST = "$(BUILT_PRODUCTS_DIR)/CoronaUI.app/CoronaUI";
			};
			name = Release;
		};
		045971DB243CF65C007F3E29 /* Debug */ = {
			isa = XCBuildConfiguration;
			buildSettings = {
				ALWAYS_EMBED_SWIFT_STANDARD_LIBRARIES = YES;
				CODE_SIGN_STYLE = Automatic;
				DEVELOPMENT_TEAM = 9BB2SW97R4;
				INFOPLIST_FILE = CoronaUIUITests/Info.plist;
				LD_RUNPATH_SEARCH_PATHS = (
					"$(inherited)",
					"@executable_path/Frameworks",
					"@loader_path/Frameworks",
				);
				PRODUCT_BUNDLE_IDENTIFIER = LuizGuerra.CoronaUIUITests;
				PRODUCT_NAME = "$(TARGET_NAME)";
				SWIFT_VERSION = 5.0;
				TARGETED_DEVICE_FAMILY = "1,2";
				TEST_TARGET_NAME = CoronaUI;
			};
			name = Debug;
		};
		045971DC243CF65C007F3E29 /* Release */ = {
			isa = XCBuildConfiguration;
			buildSettings = {
				ALWAYS_EMBED_SWIFT_STANDARD_LIBRARIES = YES;
				CODE_SIGN_STYLE = Automatic;
				DEVELOPMENT_TEAM = 9BB2SW97R4;
				INFOPLIST_FILE = CoronaUIUITests/Info.plist;
				LD_RUNPATH_SEARCH_PATHS = (
					"$(inherited)",
					"@executable_path/Frameworks",
					"@loader_path/Frameworks",
				);
				PRODUCT_BUNDLE_IDENTIFIER = LuizGuerra.CoronaUIUITests;
				PRODUCT_NAME = "$(TARGET_NAME)";
				SWIFT_VERSION = 5.0;
				TARGETED_DEVICE_FAMILY = "1,2";
				TEST_TARGET_NAME = CoronaUI;
			};
			name = Release;
		};
/* End XCBuildConfiguration section */

/* Begin XCConfigurationList section */
		045971A2243CF659007F3E29 /* Build configuration list for PBXProject "CoronaUI" */ = {
			isa = XCConfigurationList;
			buildConfigurations = (
				045971D2243CF65C007F3E29 /* Debug */,
				045971D3243CF65C007F3E29 /* Release */,
			);
			defaultConfigurationIsVisible = 0;
			defaultConfigurationName = Release;
		};
		045971D4243CF65C007F3E29 /* Build configuration list for PBXNativeTarget "CoronaUI" */ = {
			isa = XCConfigurationList;
			buildConfigurations = (
				045971D5243CF65C007F3E29 /* Debug */,
				045971D6243CF65C007F3E29 /* Release */,
			);
			defaultConfigurationIsVisible = 0;
			defaultConfigurationName = Release;
		};
		045971D7243CF65C007F3E29 /* Build configuration list for PBXNativeTarget "CoronaUITests" */ = {
			isa = XCConfigurationList;
			buildConfigurations = (
				045971D8243CF65C007F3E29 /* Debug */,
				045971D9243CF65C007F3E29 /* Release */,
			);
			defaultConfigurationIsVisible = 0;
			defaultConfigurationName = Release;
		};
		045971DA243CF65C007F3E29 /* Build configuration list for PBXNativeTarget "CoronaUIUITests" */ = {
			isa = XCConfigurationList;
			buildConfigurations = (
				045971DB243CF65C007F3E29 /* Debug */,
				045971DC243CF65C007F3E29 /* Release */,
			);
			defaultConfigurationIsVisible = 0;
			defaultConfigurationName = Release;
		};
/* End XCConfigurationList section */

/* Begin XCVersionGroup section */
		045971AE243CF659007F3E29 /* CoronaUI.xcdatamodeld */ = {
			isa = XCVersionGroup;
			children = (
				045971AF243CF659007F3E29 /* CoronaUI.xcdatamodel */,
			);
			currentVersion = 045971AF243CF659007F3E29 /* CoronaUI.xcdatamodel */;
			path = CoronaUI.xcdatamodeld;
			sourceTree = "<group>";
			versionGroupType = wrapper.xcdatamodel;
		};
/* End XCVersionGroup section */
	};
	rootObject = 0459719F243CF659007F3E29 /* Project object */;
}
